// !$*UTF8*$!
{
	archiveVersion = 1;
	classes = {
	};
	objectVersion = 56;
	objects = {

/* Begin PBXBuildFile section */
		C107D3A52C3557D8004A36F4 /* MiCallSDK.h in Headers */ = {isa = PBXBuildFile; fileRef = C107D3A42C3557D8004A36F4 /* MiCallSDK.h */; settings = {ATTRIBUTES = (Public, ); }; };
		C107D3AD2C35590E004A36F4 /* CoreMedia.framework in Frameworks */ = {isa = PBXBuildFile; fileRef = C107D3AC2C35590E004A36F4 /* CoreMedia.framework */; };
		C107D3AF2C355916004A36F4 /* VideoToolbox.framework in Frameworks */ = {isa = PBXBuildFile; fileRef = C107D3AE2C355916004A36F4 /* VideoToolbox.framework */; };
		C107D3B12C35591B004A36F4 /* AudioToolbox.framework in Frameworks */ = {isa = PBXBuildFile; fileRef = C107D3B02C35591B004A36F4 /* AudioToolbox.framework */; };
		C107D3B32C355920004A36F4 /* AVFoundation.framework in Frameworks */ = {isa = PBXBuildFile; fileRef = C107D3B22C355920004A36F4 /* AVFoundation.framework */; };
		C107D3B52C35592D004A36F4 /* Foundation.framework in Frameworks */ = {isa = PBXBuildFile; fileRef = C107D3B42C35592D004A36F4 /* Foundation.framework */; };
		C107D3BC2C355D27004A36F4 /* ios-swift-pjsua2-Bridging-Header.h in Headers */ = {isa = PBXBuildFile; fileRef = C107D3B62C355D27004A36F4 /* ios-swift-pjsua2-Bridging-Header.h */; };
		C107D3BD2C355D27004A36F4 /* Core in Resources */ = {isa = PBXBuildFile; fileRef = C107D3B72C355D27004A36F4 /* Core */; };
		C107D3BE2C355D27004A36F4 /* Listener in Resources */ = {isa = PBXBuildFile; fileRef = C107D3B82C355D27004A36F4 /* Listener */; };
		C107D3BF2C355D27004A36F4 /* Model in Resources */ = {isa = PBXBuildFile; fileRef = C107D3B92C355D27004A36F4 /* Model */; };
		C107D3C02C355D27004A36F4 /* Utils in Resources */ = {isa = PBXBuildFile; fileRef = C107D3BA2C355D27004A36F4 /* Utils */; };
		C107D3C12C355D27004A36F4 /* PJSua2 in Resources */ = {isa = PBXBuildFile; fileRef = C107D3BB2C355D27004A36F4 /* PJSua2 */; };
		C10EEA5F2C359BA500EBEB96 /* Libraries in Resources */ = {isa = PBXBuildFile; fileRef = C10EEA5E2C359BA500EBEB96 /* Libraries */; };
/* End PBXBuildFile section */

/* Begin PBXFileReference section */
		C107D3A12C3557D8004A36F4 /* MiCallSDK.framework */ = {isa = PBXFileReference; explicitFileType = wrapper.framework; includeInIndex = 0; path = MiCallSDK.framework; sourceTree = BUILT_PRODUCTS_DIR; };
		C107D3A42C3557D8004A36F4 /* MiCallSDK.h */ = {isa = PBXFileReference; lastKnownFileType = sourcecode.c.h; path = MiCallSDK.h; sourceTree = "<group>"; };
		C107D3AC2C35590E004A36F4 /* CoreMedia.framework */ = {isa = PBXFileReference; lastKnownFileType = wrapper.framework; name = CoreMedia.framework; path = Platforms/MacOSX.platform/Developer/SDKs/MacOSX14.2.sdk/System/Library/Frameworks/CoreMedia.framework; sourceTree = DEVELOPER_DIR; };
		C107D3AE2C355916004A36F4 /* VideoToolbox.framework */ = {isa = PBXFileReference; lastKnownFileType = wrapper.framework; name = VideoToolbox.framework; path = Platforms/MacOSX.platform/Developer/SDKs/MacOSX14.2.sdk/System/Library/Frameworks/VideoToolbox.framework; sourceTree = DEVELOPER_DIR; };
		C107D3B02C35591B004A36F4 /* AudioToolbox.framework */ = {isa = PBXFileReference; lastKnownFileType = wrapper.framework; name = AudioToolbox.framework; path = Platforms/MacOSX.platform/Developer/SDKs/MacOSX14.2.sdk/System/Library/Frameworks/AudioToolbox.framework; sourceTree = DEVELOPER_DIR; };
		C107D3B22C355920004A36F4 /* AVFoundation.framework */ = {isa = PBXFileReference; lastKnownFileType = wrapper.framework; name = AVFoundation.framework; path = Platforms/MacOSX.platform/Developer/SDKs/MacOSX14.2.sdk/System/Library/Frameworks/AVFoundation.framework; sourceTree = DEVELOPER_DIR; };
		C107D3B42C35592D004A36F4 /* Foundation.framework */ = {isa = PBXFileReference; lastKnownFileType = wrapper.framework; name = Foundation.framework; path = Platforms/MacOSX.platform/Developer/SDKs/MacOSX14.2.sdk/System/Library/Frameworks/Foundation.framework; sourceTree = DEVELOPER_DIR; };
		C107D3B62C355D27004A36F4 /* ios-swift-pjsua2-Bridging-Header.h */ = {isa = PBXFileReference; fileEncoding = 4; lastKnownFileType = sourcecode.c.h; path = "ios-swift-pjsua2-Bridging-Header.h"; sourceTree = "<group>"; };
		C107D3B72C355D27004A36F4 /* Core */ = {isa = PBXFileReference; lastKnownFileType = folder; path = Core; sourceTree = "<group>"; };
		C107D3B82C355D27004A36F4 /* Listener */ = {isa = PBXFileReference; lastKnownFileType = folder; path = Listener; sourceTree = "<group>"; };
		C107D3B92C355D27004A36F4 /* Model */ = {isa = PBXFileReference; lastKnownFileType = folder; path = Model; sourceTree = "<group>"; };
		C107D3BA2C355D27004A36F4 /* Utils */ = {isa = PBXFileReference; lastKnownFileType = folder; path = Utils; sourceTree = "<group>"; };
		C107D3BB2C355D27004A36F4 /* PJSua2 */ = {isa = PBXFileReference; lastKnownFileType = folder; path = PJSua2; sourceTree = "<group>"; };
		C10EEA5E2C359BA500EBEB96 /* Libraries */ = {isa = PBXFileReference; lastKnownFileType = folder; path = Libraries; sourceTree = "<group>"; };
		C10EEA602C359BF900EBEB96 /* libpjmedia.a */ = {isa = PBXFileReference; lastKnownFileType = archive.ar; name = libpjmedia.a; path = MiCallSDK/Libraries/libpjmedia.a; sourceTree = "<group>"; };
		C10EEA612C359BF900EBEB96 /* libpjlib-util.a */ = {isa = PBXFileReference; lastKnownFileType = archive.ar; name = "libpjlib-util.a"; path = "MiCallSDK/Libraries/libpjlib-util.a"; sourceTree = "<group>"; };
		C10EEA622C359BF900EBEB96 /* libilbccodec.a */ = {isa = PBXFileReference; lastKnownFileType = archive.ar; name = libilbccodec.a; path = MiCallSDK/Libraries/libilbccodec.a; sourceTree = "<group>"; };
		C10EEA632C359BF900EBEB96 /* libpjmedia-codec.a */ = {isa = PBXFileReference; lastKnownFileType = archive.ar; name = "libpjmedia-codec.a"; path = "MiCallSDK/Libraries/libpjmedia-codec.a"; sourceTree = "<group>"; };
		C10EEA642C359BF900EBEB96 /* libpjsip-ua.a */ = {isa = PBXFileReference; lastKnownFileType = archive.ar; name = "libpjsip-ua.a"; path = "MiCallSDK/Libraries/libpjsip-ua.a"; sourceTree = "<group>"; };
		C10EEA652C359BF900EBEB96 /* libpjmedia-videodev.a */ = {isa = PBXFileReference; lastKnownFileType = archive.ar; name = "libpjmedia-videodev.a"; path = "MiCallSDK/Libraries/libpjmedia-videodev.a"; sourceTree = "<group>"; };
		C10EEA662C359BF900EBEB96 /* libwebrtc.a */ = {isa = PBXFileReference; lastKnownFileType = archive.ar; name = libwebrtc.a; path = MiCallSDK/Libraries/libwebrtc.a; sourceTree = "<group>"; };
		C10EEA672C359BF900EBEB96 /* libpjnath.a */ = {isa = PBXFileReference; lastKnownFileType = archive.ar; name = libpjnath.a; path = MiCallSDK/Libraries/libpjnath.a; sourceTree = "<group>"; };
		C10EEA682C359BFA00EBEB96 /* libpjmedia-audiodev.a */ = {isa = PBXFileReference; lastKnownFileType = archive.ar; name = "libpjmedia-audiodev.a"; path = "MiCallSDK/Libraries/libpjmedia-audiodev.a"; sourceTree = "<group>"; };
		C10EEA692C359BFA00EBEB96 /* libpjsip.a */ = {isa = PBXFileReference; lastKnownFileType = archive.ar; name = libpjsip.a; path = MiCallSDK/Libraries/libpjsip.a; sourceTree = "<group>"; };
		C10EEA6A2C359BFA00EBEB96 /* libpjsua2.a */ = {isa = PBXFileReference; lastKnownFileType = archive.ar; name = libpjsua2.a; path = MiCallSDK/Libraries/libpjsua2.a; sourceTree = "<group>"; };
		C10EEA6B2C359BFA00EBEB96 /* libsrtp.a */ = {isa = PBXFileReference; lastKnownFileType = archive.ar; name = libsrtp.a; path = MiCallSDK/Libraries/libsrtp.a; sourceTree = "<group>"; };
		C10EEA6C2C359BFA00EBEB96 /* libgsmcodec.a */ = {isa = PBXFileReference; lastKnownFileType = archive.ar; name = libgsmcodec.a; path = MiCallSDK/Libraries/libgsmcodec.a; sourceTree = "<group>"; };
		C10EEA6D2C359BFA00EBEB96 /* libpjsip-simple.a */ = {isa = PBXFileReference; lastKnownFileType = archive.ar; name = "libpjsip-simple.a"; path = "MiCallSDK/Libraries/libpjsip-simple.a"; sourceTree = "<group>"; };
		C10EEA6E2C359BFA00EBEB96 /* libg7221codec.a */ = {isa = PBXFileReference; lastKnownFileType = archive.ar; name = libg7221codec.a; path = MiCallSDK/Libraries/libg7221codec.a; sourceTree = "<group>"; };
		C10EEA6F2C359BFA00EBEB96 /* libpjsua.a */ = {isa = PBXFileReference; lastKnownFileType = archive.ar; name = libpjsua.a; path = MiCallSDK/Libraries/libpjsua.a; sourceTree = "<group>"; };
		C10EEA702C359BFA00EBEB96 /* libresample.a */ = {isa = PBXFileReference; lastKnownFileType = archive.ar; name = libresample.a; path = MiCallSDK/Libraries/libresample.a; sourceTree = "<group>"; };
		C10EEA712C359BFA00EBEB96 /* libpj.a */ = {isa = PBXFileReference; lastKnownFileType = archive.ar; name = libpj.a; path = MiCallSDK/Libraries/libpj.a; sourceTree = "<group>"; };
		C10EEA722C359BFA00EBEB96 /* libspeex.a */ = {isa = PBXFileReference; lastKnownFileType = archive.ar; name = libspeex.a; path = MiCallSDK/Libraries/libspeex.a; sourceTree = "<group>"; };
		C10EEA732C359BFA00EBEB96 /* libyuv.a */ = {isa = PBXFileReference; lastKnownFileType = archive.ar; name = libyuv.a; path = MiCallSDK/Libraries/libyuv.a; sourceTree = "<group>"; };
/* End PBXFileReference section */

/* Begin PBXFrameworksBuildPhase section */
		C107D39E2C3557D8004A36F4 /* Frameworks */ = {
			isa = PBXFrameworksBuildPhase;
			buildActionMask = 2147483647;
			files = (
				C107D3B52C35592D004A36F4 /* Foundation.framework in Frameworks */,
				C107D3B32C355920004A36F4 /* AVFoundation.framework in Frameworks */,
				C107D3AF2C355916004A36F4 /* VideoToolbox.framework in Frameworks */,
				C107D3AD2C35590E004A36F4 /* CoreMedia.framework in Frameworks */,
				C107D3B12C35591B004A36F4 /* AudioToolbox.framework in Frameworks */,
			);
			runOnlyForDeploymentPostprocessing = 0;
		};
/* End PBXFrameworksBuildPhase section */

/* Begin PBXGroup section */
		C107D3972C3557D8004A36F4 = {
			isa = PBXGroup;
			children = (
				C107D3A32C3557D8004A36F4 /* MiCallSDK */,
				C107D3A22C3557D8004A36F4 /* Products */,
				C107D3AB2C35590E004A36F4 /* Frameworks */,
			);
			sourceTree = "<group>";
		};
		C107D3A22C3557D8004A36F4 /* Products */ = {
			isa = PBXGroup;
			children = (
				C107D3A12C3557D8004A36F4 /* MiCallSDK.framework */,
			);
			name = Products;
			sourceTree = "<group>";
		};
		C107D3A32C3557D8004A36F4 /* MiCallSDK */ = {
			isa = PBXGroup;
			children = (
				C10EEA5E2C359BA500EBEB96 /* Libraries */,
				C107D3B72C355D27004A36F4 /* Core */,
				C107D3B62C355D27004A36F4 /* ios-swift-pjsua2-Bridging-Header.h */,
				C107D3B82C355D27004A36F4 /* Listener */,
				C107D3B92C355D27004A36F4 /* Model */,
				C107D3BB2C355D27004A36F4 /* PJSua2 */,
				C107D3BA2C355D27004A36F4 /* Utils */,
				C107D3A42C3557D8004A36F4 /* MiCallSDK.h */,
			);
			path = MiCallSDK;
			sourceTree = "<group>";
		};
		C107D3AB2C35590E004A36F4 /* Frameworks */ = {
			isa = PBXGroup;
			children = (
				C10EEA6E2C359BFA00EBEB96 /* libg7221codec.a */,
				C10EEA6C2C359BFA00EBEB96 /* libgsmcodec.a */,
				C10EEA622C359BF900EBEB96 /* libilbccodec.a */,
				C10EEA712C359BFA00EBEB96 /* libpj.a */,
				C10EEA612C359BF900EBEB96 /* libpjlib-util.a */,
				C10EEA682C359BFA00EBEB96 /* libpjmedia-audiodev.a */,
				C10EEA632C359BF900EBEB96 /* libpjmedia-codec.a */,
				C10EEA652C359BF900EBEB96 /* libpjmedia-videodev.a */,
				C10EEA602C359BF900EBEB96 /* libpjmedia.a */,
				C10EEA672C359BF900EBEB96 /* libpjnath.a */,
				C10EEA6D2C359BFA00EBEB96 /* libpjsip-simple.a */,
				C10EEA642C359BF900EBEB96 /* libpjsip-ua.a */,
				C10EEA692C359BFA00EBEB96 /* libpjsip.a */,
				C10EEA6F2C359BFA00EBEB96 /* libpjsua.a */,
				C10EEA6A2C359BFA00EBEB96 /* libpjsua2.a */,
				C10EEA702C359BFA00EBEB96 /* libresample.a */,
				C10EEA722C359BFA00EBEB96 /* libspeex.a */,
				C10EEA6B2C359BFA00EBEB96 /* libsrtp.a */,
				C10EEA662C359BF900EBEB96 /* libwebrtc.a */,
				C10EEA732C359BFA00EBEB96 /* libyuv.a */,
				C107D3B42C35592D004A36F4 /* Foundation.framework */,
				C107D3B22C355920004A36F4 /* AVFoundation.framework */,
				C107D3B02C35591B004A36F4 /* AudioToolbox.framework */,
				C107D3AE2C355916004A36F4 /* VideoToolbox.framework */,
				C107D3AC2C35590E004A36F4 /* CoreMedia.framework */,
			);
			name = Frameworks;
			sourceTree = "<group>";
		};
/* End PBXGroup section */

/* Begin PBXHeadersBuildPhase section */
		C107D39C2C3557D8004A36F4 /* Headers */ = {
			isa = PBXHeadersBuildPhase;
			buildActionMask = 2147483647;
			files = (
				C107D3BC2C355D27004A36F4 /* ios-swift-pjsua2-Bridging-Header.h in Headers */,
				C107D3A52C3557D8004A36F4 /* MiCallSDK.h in Headers */,
			);
			runOnlyForDeploymentPostprocessing = 0;
		};
/* End PBXHeadersBuildPhase section */

/* Begin PBXNativeTarget section */
		C107D3A02C3557D8004A36F4 /* MiCallSDK */ = {
			isa = PBXNativeTarget;
			buildConfigurationList = C107D3A82C3557D8004A36F4 /* Build configuration list for PBXNativeTarget "MiCallSDK" */;
			buildPhases = (
				C107D39C2C3557D8004A36F4 /* Headers */,
				C107D39D2C3557D8004A36F4 /* Sources */,
				C107D39E2C3557D8004A36F4 /* Frameworks */,
				C107D39F2C3557D8004A36F4 /* Resources */,
			);
			buildRules = (
			);
			dependencies = (
			);
			name = MiCallSDK;
			productName = MiCallSDK;
			productReference = C107D3A12C3557D8004A36F4 /* MiCallSDK.framework */;
			productType = "com.apple.product-type.framework";
		};
/* End PBXNativeTarget section */

/* Begin PBXProject section */
		C107D3982C3557D8004A36F4 /* Project object */ = {
			isa = PBXProject;
			attributes = {
				BuildIndependentTargetsInParallel = 1;
				LastUpgradeCheck = 1520;
				TargetAttributes = {
					C107D3A02C3557D8004A36F4 = {
						CreatedOnToolsVersion = 15.2;
					};
				};
			};
			buildConfigurationList = C107D39B2C3557D8004A36F4 /* Build configuration list for PBXProject "MiCallSDK" */;
			compatibilityVersion = "Xcode 14.0";
			developmentRegion = en;
			hasScannedForEncodings = 0;
			knownRegions = (
				en,
				Base,
			);
			mainGroup = C107D3972C3557D8004A36F4;
			productRefGroup = C107D3A22C3557D8004A36F4 /* Products */;
			projectDirPath = "";
			projectRoot = "";
			targets = (
				C107D3A02C3557D8004A36F4 /* MiCallSDK */,
			);
		};
/* End PBXProject section */

/* Begin PBXResourcesBuildPhase section */
		C107D39F2C3557D8004A36F4 /* Resources */ = {
			isa = PBXResourcesBuildPhase;
			buildActionMask = 2147483647;
			files = (
				C10EEA5F2C359BA500EBEB96 /* Libraries in Resources */,
				C107D3C12C355D27004A36F4 /* PJSua2 in Resources */,
				C107D3BF2C355D27004A36F4 /* Model in Resources */,
				C107D3BE2C355D27004A36F4 /* Listener in Resources */,
				C107D3C02C355D27004A36F4 /* Utils in Resources */,
				C107D3BD2C355D27004A36F4 /* Core in Resources */,
			);
			runOnlyForDeploymentPostprocessing = 0;
		};
/* End PBXResourcesBuildPhase section */

/* Begin PBXSourcesBuildPhase section */
		C107D39D2C3557D8004A36F4 /* Sources */ = {
			isa = PBXSourcesBuildPhase;
			buildActionMask = 2147483647;
			files = (
			);
			runOnlyForDeploymentPostprocessing = 0;
		};
/* End PBXSourcesBuildPhase section */

/* Begin XCBuildConfiguration section */
		C107D3A62C3557D8004A36F4 /* Debug */ = {
			isa = XCBuildConfiguration;
			buildSettings = {
				ALWAYS_SEARCH_USER_PATHS = NO;
				ASSETCATALOG_COMPILER_GENERATE_SWIFT_ASSET_SYMBOL_EXTENSIONS = YES;
				CLANG_ANALYZER_NONNULL = YES;
				CLANG_ANALYZER_NUMBER_OBJECT_CONVERSION = YES_AGGRESSIVE;
				CLANG_CXX_LANGUAGE_STANDARD = "gnu++20";
				CLANG_ENABLE_MODULES = YES;
				CLANG_ENABLE_OBJC_ARC = YES;
				CLANG_ENABLE_OBJC_WEAK = YES;
				CLANG_WARN_BLOCK_CAPTURE_AUTORELEASING = YES;
				CLANG_WARN_BOOL_CONVERSION = YES;
				CLANG_WARN_COMMA = YES;
				CLANG_WARN_CONSTANT_CONVERSION = YES;
				CLANG_WARN_DEPRECATED_OBJC_IMPLEMENTATIONS = YES;
				CLANG_WARN_DIRECT_OBJC_ISA_USAGE = YES_ERROR;
				CLANG_WARN_DOCUMENTATION_COMMENTS = YES;
				CLANG_WARN_EMPTY_BODY = YES;
				CLANG_WARN_ENUM_CONVERSION = YES;
				CLANG_WARN_INFINITE_RECURSION = YES;
				CLANG_WARN_INT_CONVERSION = YES;
				CLANG_WARN_NON_LITERAL_NULL_CONVERSION = YES;
				CLANG_WARN_OBJC_IMPLICIT_RETAIN_SELF = YES;
				CLANG_WARN_OBJC_LITERAL_CONVERSION = YES;
				CLANG_WARN_OBJC_ROOT_CLASS = YES_ERROR;
				CLANG_WARN_QUOTED_INCLUDE_IN_FRAMEWORK_HEADER = YES;
				CLANG_WARN_RANGE_LOOP_ANALYSIS = YES;
				CLANG_WARN_STRICT_PROTOTYPES = YES;
				CLANG_WARN_SUSPICIOUS_MOVE = YES;
				CLANG_WARN_UNGUARDED_AVAILABILITY = YES_AGGRESSIVE;
				CLANG_WARN_UNREACHABLE_CODE = YES;
				CLANG_WARN__DUPLICATE_METHOD_MATCH = YES;
				COPY_PHASE_STRIP = NO;
				CURRENT_PROJECT_VERSION = 1;
				DEBUG_INFORMATION_FORMAT = dwarf;
				ENABLE_STRICT_OBJC_MSGSEND = YES;
				ENABLE_TESTABILITY = YES;
				ENABLE_USER_SCRIPT_SANDBOXING = YES;
				GCC_C_LANGUAGE_STANDARD = gnu17;
				GCC_DYNAMIC_NO_PIC = NO;
				GCC_NO_COMMON_BLOCKS = YES;
				GCC_OPTIMIZATION_LEVEL = 0;
				GCC_PREPROCESSOR_DEFINITIONS = (
					"DEBUG=1",
					"$(inherited)",
				);
				GCC_WARN_64_TO_32_BIT_CONVERSION = YES;
				GCC_WARN_ABOUT_RETURN_TYPE = YES_ERROR;
				GCC_WARN_UNDECLARED_SELECTOR = YES;
				GCC_WARN_UNINITIALIZED_AUTOS = YES_AGGRESSIVE;
				GCC_WARN_UNUSED_FUNCTION = YES;
				GCC_WARN_UNUSED_VARIABLE = YES;
				IPHONEOS_DEPLOYMENT_TARGET = 12.0;
				LOCALIZATION_PREFERS_STRING_CATALOGS = YES;
				MTL_ENABLE_DEBUG_INFO = INCLUDE_SOURCE;
				MTL_FAST_MATH = YES;
				ONLY_ACTIVE_ARCH = YES;
				SDKROOT = iphoneos;
				SWIFT_ACTIVE_COMPILATION_CONDITIONS = "DEBUG $(inherited)";
				SWIFT_OPTIMIZATION_LEVEL = "-Onone";
				VERSIONING_SYSTEM = "apple-generic";
				VERSION_INFO_PREFIX = "";
			};
			name = Debug;
		};
		C107D3A72C3557D8004A36F4 /* Release */ = {
			isa = XCBuildConfiguration;
			buildSettings = {
				ALWAYS_SEARCH_USER_PATHS = NO;
				ASSETCATALOG_COMPILER_GENERATE_SWIFT_ASSET_SYMBOL_EXTENSIONS = YES;
				CLANG_ANALYZER_NONNULL = YES;
				CLANG_ANALYZER_NUMBER_OBJECT_CONVERSION = YES_AGGRESSIVE;
				CLANG_CXX_LANGUAGE_STANDARD = "gnu++20";
				CLANG_ENABLE_MODULES = YES;
				CLANG_ENABLE_OBJC_ARC = YES;
				CLANG_ENABLE_OBJC_WEAK = YES;
				CLANG_WARN_BLOCK_CAPTURE_AUTORELEASING = YES;
				CLANG_WARN_BOOL_CONVERSION = YES;
				CLANG_WARN_COMMA = YES;
				CLANG_WARN_CONSTANT_CONVERSION = YES;
				CLANG_WARN_DEPRECATED_OBJC_IMPLEMENTATIONS = YES;
				CLANG_WARN_DIRECT_OBJC_ISA_USAGE = YES_ERROR;
				CLANG_WARN_DOCUMENTATION_COMMENTS = YES;
				CLANG_WARN_EMPTY_BODY = YES;
				CLANG_WARN_ENUM_CONVERSION = YES;
				CLANG_WARN_INFINITE_RECURSION = YES;
				CLANG_WARN_INT_CONVERSION = YES;
				CLANG_WARN_NON_LITERAL_NULL_CONVERSION = YES;
				CLANG_WARN_OBJC_IMPLICIT_RETAIN_SELF = YES;
				CLANG_WARN_OBJC_LITERAL_CONVERSION = YES;
				CLANG_WARN_OBJC_ROOT_CLASS = YES_ERROR;
				CLANG_WARN_QUOTED_INCLUDE_IN_FRAMEWORK_HEADER = YES;
				CLANG_WARN_RANGE_LOOP_ANALYSIS = YES;
				CLANG_WARN_STRICT_PROTOTYPES = YES;
				CLANG_WARN_SUSPICIOUS_MOVE = YES;
				CLANG_WARN_UNGUARDED_AVAILABILITY = YES_AGGRESSIVE;
				CLANG_WARN_UNREACHABLE_CODE = YES;
				CLANG_WARN__DUPLICATE_METHOD_MATCH = YES;
				COPY_PHASE_STRIP = NO;
				CURRENT_PROJECT_VERSION = 1;
				DEBUG_INFORMATION_FORMAT = "dwarf-with-dsym";
				ENABLE_NS_ASSERTIONS = NO;
				ENABLE_STRICT_OBJC_MSGSEND = YES;
				ENABLE_USER_SCRIPT_SANDBOXING = YES;
				GCC_C_LANGUAGE_STANDARD = gnu17;
				GCC_NO_COMMON_BLOCKS = YES;
				GCC_WARN_64_TO_32_BIT_CONVERSION = YES;
				GCC_WARN_ABOUT_RETURN_TYPE = YES_ERROR;
				GCC_WARN_UNDECLARED_SELECTOR = YES;
				GCC_WARN_UNINITIALIZED_AUTOS = YES_AGGRESSIVE;
				GCC_WARN_UNUSED_FUNCTION = YES;
				GCC_WARN_UNUSED_VARIABLE = YES;
				IPHONEOS_DEPLOYMENT_TARGET = 12.0;
				LOCALIZATION_PREFERS_STRING_CATALOGS = YES;
				MTL_ENABLE_DEBUG_INFO = NO;
				MTL_FAST_MATH = YES;
				SDKROOT = iphoneos;
				SWIFT_COMPILATION_MODE = wholemodule;
				VALIDATE_PRODUCT = YES;
				VERSIONING_SYSTEM = "apple-generic";
				VERSION_INFO_PREFIX = "";
			};
			name = Release;
		};
		C107D3A92C3557D8004A36F4 /* Debug */ = {
			isa = XCBuildConfiguration;
			buildSettings = {
				APPLICATION_EXTENSION_API_ONLY = YES;
				CODE_SIGN_STYLE = Automatic;
				CURRENT_PROJECT_VERSION = 1;
				DEFINES_MODULE = YES;
				DEVELOPMENT_TEAM = 772AR38V98;
				DYLIB_COMPATIBILITY_VERSION = 1;
				DYLIB_CURRENT_VERSION = 1;
				DYLIB_INSTALL_NAME_BASE = "@rpath";
				ENABLE_MODULE_VERIFIER = YES;
				GENERATE_INFOPLIST_FILE = YES;
				INFOPLIST_KEY_NSHumanReadableCopyright = "";
				INSTALL_PATH = "$(LOCAL_LIBRARY_DIR)/Frameworks";
				IPHONEOS_DEPLOYMENT_TARGET = 12.0;
				LD_RUNPATH_SEARCH_PATHS = (
					"$(inherited)",
					"@executable_path/Frameworks",
					"@loader_path/Frameworks",
				);
				LIBRARY_SEARCH_PATHS = (
					"$(inherited)",
					"$(PROJECT_DIR)/Libraries",
					"$(SRCROOT)",
					"$(SRCROOT)/Libraries",
					"$(PROJECT_DIR)/MiCallSDK/Libraries",
				);
				MARKETING_VERSION = 1.0;
				MODULE_VERIFIER_SUPPORTED_LANGUAGES = "objective-c objective-c++";
				MODULE_VERIFIER_SUPPORTED_LANGUAGE_STANDARDS = "gnu17 gnu++20";
				PRODUCT_BUNDLE_IDENTIFIER = com.vn.build.mitek.MiCallSDK;
				PRODUCT_NAME = "$(TARGET_NAME:c99extidentifier)";
				SKIP_INSTALL = YES;
				SWIFT_EMIT_LOC_STRINGS = YES;
				SWIFT_VERSION = 5.0;
				TARGETED_DEVICE_FAMILY = "1,2";
			};
			name = Debug;
		};
		C107D3AA2C3557D8004A36F4 /* Release */ = {
			isa = XCBuildConfiguration;
			buildSettings = {
				APPLICATION_EXTENSION_API_ONLY = YES;
				CODE_SIGN_STYLE = Automatic;
				CURRENT_PROJECT_VERSION = 1;
				DEFINES_MODULE = YES;
				DEVELOPMENT_TEAM = 772AR38V98;
				DYLIB_COMPATIBILITY_VERSION = 1;
				DYLIB_CURRENT_VERSION = 1;
				DYLIB_INSTALL_NAME_BASE = "@rpath";
				ENABLE_MODULE_VERIFIER = YES;
				GENERATE_INFOPLIST_FILE = YES;
				INFOPLIST_KEY_NSHumanReadableCopyright = "";
				INSTALL_PATH = "$(LOCAL_LIBRARY_DIR)/Frameworks";
				IPHONEOS_DEPLOYMENT_TARGET = 12.0;
				LD_RUNPATH_SEARCH_PATHS = (
					"$(inherited)",
					"@executable_path/Frameworks",
					"@loader_path/Frameworks",
				);
				LIBRARY_SEARCH_PATHS = (
					"$(inherited)",
					"$(PROJECT_DIR)/Libraries",
					"$(SRCROOT)",
					"$(SRCROOT)/Libraries",
					"$(PROJECT_DIR)/MiCallSDK/Libraries",
				);
				MARKETING_VERSION = 1.0;
				MODULE_VERIFIER_SUPPORTED_LANGUAGES = "objective-c objective-c++";
				MODULE_VERIFIER_SUPPORTED_LANGUAGE_STANDARDS = "gnu17 gnu++20";
				ONLY_ACTIVE_ARCH = YES;
				PRODUCT_BUNDLE_IDENTIFIER = com.vn.build.mitek.MiCallSDK;
				PRODUCT_NAME = "$(TARGET_NAME:c99extidentifier)";
				SKIP_INSTALL = YES;
				SWIFT_EMIT_LOC_STRINGS = YES;
				SWIFT_VERSION = 5.0;
				TARGETED_DEVICE_FAMILY = "1,2";
			};
			name = Release;
		};
/* End XCBuildConfiguration section */

/* Begin XCConfigurationList section */
		C107D39B2C3557D8004A36F4 /* Build configuration list for PBXProject "MiCallSDK" */ = {
			isa = XCConfigurationList;
			buildConfigurations = (
				C107D3A62C3557D8004A36F4 /* Debug */,
				C107D3A72C3557D8004A36F4 /* Release */,
			);
			defaultConfigurationIsVisible = 0;
			defaultConfigurationName = Release;
		};
		C107D3A82C3557D8004A36F4 /* Build configuration list for PBXNativeTarget "MiCallSDK" */ = {
			isa = XCConfigurationList;
			buildConfigurations = (
				C107D3A92C3557D8004A36F4 /* Debug */,
				C107D3AA2C3557D8004A36F4 /* Release */,
			);
			defaultConfigurationIsVisible = 0;
			defaultConfigurationName = Release;
		};
/* End XCConfigurationList section */
	};
	rootObject = C107D3982C3557D8004A36F4 /* Project object */;
}
